// !$*UTF8*$!
{
	archiveVersion = 1;
	classes = {
	};
	objectVersion = 48;
	objects = {

/* Begin PBXBuildFile section */
		2E2F137D206E40650066D372 /* worm.s in Sources */ = {isa = PBXBuildFile; fileRef = 2E2F137C206E40650066D372 /* worm.s */; };
		2E46A1BE205CDD4000470C6C /* worm.c in Sources */ = {isa = PBXBuildFile; fileRef = 2E46A1BB205CDD4000470C6C /* worm.c */; };
		2E46A1BF205CDD4000470C6C /* Makefile in Sources */ = {isa = PBXBuildFile; fileRef = 2E46A1BC205CDD4000470C6C /* Makefile */; };
		2E46A1C0205CDD4000470C6C /* worm2.s in Sources */ = {isa = PBXBuildFile; fileRef = 2E46A1BD205CDD4000470C6C /* worm2.s */; };
		2E65804220678B0200995CF5 /* exp.s in Sources */ = {isa = PBXBuildFile; fileRef = 2E65804120678B0200995CF5 /* exp.s */; };
/* End PBXBuildFile section */

/* Begin PBXCopyFilesBuildPhase section */
		2E46A1AF205CDD0800470C6C /* CopyFiles */ = {
			isa = PBXCopyFilesBuildPhase;
			buildActionMask = 2147483647;
			dstPath = /usr/share/man/man1/;
			dstSubfolderSpec = 0;
			files = (
			);
			runOnlyForDeploymentPostprocessing = 1;
		};
/* End PBXCopyFilesBuildPhase section */

/* Begin PBXFileReference section */
		2E2F137C206E40650066D372 /* worm.s */ = {isa = PBXFileReference; fileEncoding = 4; lastKnownFileType = sourcecode.asm; path = worm.s; sourceTree = "<group>"; };
		2E46A1B1205CDD0800470C6C /* worm */ = {isa = PBXFileReference; explicitFileType = "compiled.mach-o.executable"; includeInIndex = 0; path = worm; sourceTree = BUILT_PRODUCTS_DIR; };
		2E46A1BB205CDD4000470C6C /* worm.c */ = {isa = PBXFileReference; fileEncoding = 4; lastKnownFileType = sourcecode.c.c; path = worm.c; sourceTree = "<group>"; };
		2E46A1BC205CDD4000470C6C /* Makefile */ = {isa = PBXFileReference; fileEncoding = 4; lastKnownFileType = sourcecode.make; path = Makefile; sourceTree = "<group>"; };
		2E46A1BD205CDD4000470C6C /* worm2.s */ = {isa = PBXFileReference; fileEncoding = 4; lastKnownFileType = sourcecode.asm; path = worm2.s; sourceTree = "<group>"; };
		2E65804120678B0200995CF5 /* exp.s */ = {isa = PBXFileReference; lastKnownFileType = sourcecode.asm; path = exp.s; sourceTree = "<group>"; };
/* End PBXFileReference section */

/* Begin PBXFrameworksBuildPhase section */
		2E46A1AE205CDD0800470C6C /* Frameworks */ = {
			isa = PBXFrameworksBuildPhase;
			buildActionMask = 2147483647;
			files = (
			);
			runOnlyForDeploymentPostprocessing = 0;
		};
/* End PBXFrameworksBuildPhase section */

/* Begin PBXGroup section */
		2E46A1A8205CDD0800470C6C = {
			isa = PBXGroup;
			children = (
				2E46A1B3205CDD0800470C6C /* worm */,
				2E46A1B2205CDD0800470C6C /* Products */,
			);
			sourceTree = "<group>";
		};
		2E46A1B2205CDD0800470C6C /* Products */ = {
			isa = PBXGroup;
			children = (
				2E46A1B1205CDD0800470C6C /* worm */,
			);
			name = Products;
			sourceTree = "<group>";
		};
		2E46A1B3205CDD0800470C6C /* worm */ = {
			isa = PBXGroup;
			children = (
				2E2F137C206E40650066D372 /* worm.s */,
				2E46A1BC205CDD4000470C6C /* Makefile */,
				2E46A1BB205CDD4000470C6C /* worm.c */,
				2E46A1BD205CDD4000470C6C /* worm2.s */,
				2E65804120678B0200995CF5 /* exp.s */,
			);
			path = worm;
			sourceTree = "<group>";
		};
/* End PBXGroup section */

/* Begin PBXNativeTarget section */
		2E46A1B0205CDD0800470C6C /* worm */ = {
			isa = PBXNativeTarget;
			buildConfigurationList = 2E46A1B8205CDD0800470C6C /* Build configuration list for PBXNativeTarget "worm" */;
			buildPhases = (
				2E46A1AD205CDD0800470C6C /* Sources */,
				2E46A1AE205CDD0800470C6C /* Frameworks */,
				2E46A1AF205CDD0800470C6C /* CopyFiles */,
			);
			buildRules = (
			);
			dependencies = (
			);
			name = worm;
			productName = worm;
			productReference = 2E46A1B1205CDD0800470C6C /* worm */;
			productType = "com.apple.product-type.tool";
		};
/* End PBXNativeTarget section */

/* Begin PBXProject section */
		2E46A1A9205CDD0800470C6C /* Project object */ = {
			isa = PBXProject;
			attributes = {
				LastUpgradeCheck = 0920;
				ORGANIZATIONNAME = "Cecilia Ni";
				TargetAttributes = {
					2E46A1B0205CDD0800470C6C = {
						CreatedOnToolsVersion = 9.2;
						ProvisioningStyle = Automatic;
					};
				};
			};
			buildConfigurationList = 2E46A1AC205CDD0800470C6C /* Build configuration list for PBXProject "worm" */;
			compatibilityVersion = "Xcode 8.0";
			developmentRegion = en;
			hasScannedForEncodings = 0;
			knownRegions = (
				en,
			);
			mainGroup = 2E46A1A8205CDD0800470C6C;
			productRefGroup = 2E46A1B2205CDD0800470C6C /* Products */;
			projectDirPath = "";
			projectRoot = "";
			targets = (
				2E46A1B0205CDD0800470C6C /* worm */,
			);
		};
/* End PBXProject section */

/* Begin PBXSourcesBuildPhase section */
		2E46A1AD205CDD0800470C6C /* Sources */ = {
			isa = PBXSourcesBuildPhase;
			buildActionMask = 2147483647;
			files = (
				2E2F137D206E40650066D372 /* worm.s in Sources */,
				2E46A1BF205CDD4000470C6C /* Makefile in Sources */,
				2E46A1C0205CDD4000470C6C /* worm2.s in Sources */,
				2E65804220678B0200995CF5 /* exp.s in Sources */,
				2E46A1BE205CDD4000470C6C /* worm.c in Sources */,
			);
			runOnlyForDeploymentPostprocessing = 0;
		};
/* End PBXSourcesBuildPhase section */

/* Begin XCBuildConfiguration section */
		2E46A1B6205CDD0800470C6C /* Debug */ = {
			isa = XCBuildConfiguration;
			buildSettings = {
				ALWAYS_SEARCH_USER_PATHS = NO;
				CLANG_ANALYZER_NONNULL = YES;
				CLANG_ANALYZER_NUMBER_OBJECT_CONVERSION = YES_AGGRESSIVE;
				CLANG_CXX_LANGUAGE_STANDARD = "gnu++14";
				CLANG_CXX_LIBRARY = "libc++";
				CLANG_ENABLE_MODULES = YES;
				CLANG_ENABLE_OBJC_ARC = YES;
				CLANG_WARN_BLOCK_CAPTURE_AUTORELEASING = YES;
				CLANG_WARN_BOOL_CONVERSION = YES;
				CLANG_WARN_COMMA = YES;
				CLANG_WARN_CONSTANT_CONVERSION = YES;
				CLANG_WARN_DIRECT_OBJC_ISA_USAGE = YES_ERROR;
				CLANG_WARN_DOCUMENTATION_COMMENTS = YES;
				CLANG_WARN_EMPTY_BODY = YES;
				CLANG_WARN_ENUM_CONVERSION = YES;
				CLANG_WARN_INFINITE_RECURSION = YES;
				CLANG_WARN_INT_CONVERSION = YES;
				CLANG_WARN_NON_LITERAL_NULL_CONVERSION = YES;
				CLANG_WARN_OBJC_LITERAL_CONVERSION = YES;
				CLANG_WARN_OBJC_ROOT_CLASS = YES_ERROR;
				CLANG_WARN_RANGE_LOOP_ANALYSIS = YES;
				CLANG_WARN_STRICT_PROTOTYPES = YES;
				CLANG_WARN_SUSPICIOUS_MOVE = YES;
				CLANG_WARN_UNGUARDED_AVAILABILITY = YES_AGGRESSIVE;
				CLANG_WARN_UNREACHABLE_CODE = YES;
				CLANG_WARN__DUPLICATE_METHOD_MATCH = YES;
				CODE_SIGN_IDENTITY = "-";
				COPY_PHASE_STRIP = NO;
				DEBUG_INFORMATION_FORMAT = dwarf;
				ENABLE_STRICT_OBJC_MSGSEND = YES;
				ENABLE_TESTABILITY = YES;
				GCC_C_LANGUAGE_STANDARD = gnu11;
				GCC_DYNAMIC_NO_PIC = NO;
				GCC_NO_COMMON_BLOCKS = YES;
				GCC_OPTIMIZATION_LEVEL = 0;
				GCC_PREPROCESSOR_DEFINITIONS = (
					"DEBUG=1",
					"$(inherited)",
				);
				GCC_WARN_64_TO_32_BIT_CONVERSION = YES;
				GCC_WARN_ABOUT_RETURN_TYPE = YES_ERROR;
				GCC_WARN_UNDECLARED_SELECTOR = YES;
				GCC_WARN_UNINITIALIZED_AUTOS = YES_AGGRESSIVE;
				GCC_WARN_UNUSED_FUNCTION = YES;
				GCC_WARN_UNUSED_VARIABLE = YES;
				MACOSX_DEPLOYMENT_TARGET = 10.13;
				MTL_ENABLE_DEBUG_INFO = YES;
				ONLY_ACTIVE_ARCH = YES;
				SDKROOT = macosx;
			};
			name = Debug;
		};
		2E46A1B7205CDD0800470C6C /* Release */ = {
			isa = XCBuildConfiguration;
			buildSettings = {
				ALWAYS_SEARCH_USER_PATHS = NO;
				CLANG_ANALYZER_NONNULL = YES;
				CLANG_ANALYZER_NUMBER_OBJECT_CONVERSION = YES_AGGRESSIVE;
				CLANG_CXX_LANGUAGE_STANDARD = "gnu++14";
				CLANG_CXX_LIBRARY = "libc++";
				CLANG_ENABLE_MODULES = YES;
				CLANG_ENABLE_OBJC_ARC = YES;
				CLANG_WARN_BLOCK_CAPTURE_AUTORELEASING = YES;
				CLANG_WARN_BOOL_CONVERSION = YES;
				CLANG_WARN_COMMA = YES;
				CLANG_WARN_CONSTANT_CONVERSION = YES;
				CLANG_WARN_DIRECT_OBJC_ISA_USAGE = YES_ERROR;
				CLANG_WARN_DOCUMENTATION_COMMENTS = YES;
				CLANG_WARN_EMPTY_BODY = YES;
				CLANG_WARN_ENUM_CONVERSION = YES;
				CLANG_WARN_INFINITE_RECURSION = YES;
				CLANG_WARN_INT_CONVERSION = YES;
				CLANG_WARN_NON_LITERAL_NULL_CONVERSION = YES;
				CLANG_WARN_OBJC_LITERAL_CONVERSION = YES;
				CLANG_WARN_OBJC_ROOT_CLASS = YES_ERROR;
				CLANG_WARN_RANGE_LOOP_ANALYSIS = YES;
				CLANG_WARN_STRICT_PROTOTYPES = YES;
				CLANG_WARN_SUSPICIOUS_MOVE = YES;
				CLANG_WARN_UNGUARDED_AVAILABILITY = YES_AGGRESSIVE;
				CLANG_WARN_UNREACHABLE_CODE = YES;
				CLANG_WARN__DUPLICATE_METHOD_MATCH = YES;
				CODE_SIGN_IDENTITY = "-";
				COPY_PHASE_STRIP = NO;
				DEBUG_INFORMATION_FORMAT = "dwarf-with-dsym";
				ENABLE_NS_ASSERTIONS = NO;
				ENABLE_STRICT_OBJC_MSGSEND = YES;
				GCC_C_LANGUAGE_STANDARD = gnu11;
				GCC_NO_COMMON_BLOCKS = YES;
				GCC_WARN_64_TO_32_BIT_CONVERSION = YES;
				GCC_WARN_ABOUT_RETURN_TYPE = YES_ERROR;
				GCC_WARN_UNDECLARED_SELECTOR = YES;
				GCC_WARN_UNINITIALIZED_AUTOS = YES_AGGRESSIVE;
				GCC_WARN_UNUSED_FUNCTION = YES;
				GCC_WARN_UNUSED_VARIABLE = YES;
				MACOSX_DEPLOYMENT_TARGET = 10.13;
				MTL_ENABLE_DEBUG_INFO = NO;
				SDKROOT = macosx;
			};
			name = Release;
		};
		2E46A1B9205CDD0800470C6C /* Debug */ = {
			isa = XCBuildConfiguration;
			buildSettings = {
				CODE_SIGN_STYLE = Automatic;
				PRODUCT_NAME = "$(TARGET_NAME)";
			};
			name = Debug;
		};
		2E46A1BA205CDD0800470C6C /* Release */ = {
			isa = XCBuildConfiguration;
			buildSettings = {
				CODE_SIGN_STYLE = Automatic;
				PRODUCT_NAME = "$(TARGET_NAME)";
			};
			name = Release;
		};
/* End XCBuildConfiguration section */

/* Begin XCConfigurationList section */
		2E46A1AC205CDD0800470C6C /* Build configuration list for PBXProject "worm" */ = {
			isa = XCConfigurationList;
			buildConfigurations = (
				2E46A1B6205CDD0800470C6C /* Debug */,
				2E46A1B7205CDD0800470C6C /* Release */,
			);
			defaultConfigurationIsVisible = 0;
			defaultConfigurationName = Release;
		};
		2E46A1B8205CDD0800470C6C /* Build configuration list for PBXNativeTarget "worm" */ = {
			isa = XCConfigurationList;
			buildConfigurations = (
				2E46A1B9205CDD0800470C6C /* Debug */,
				2E46A1BA205CDD0800470C6C /* Release */,
			);
			defaultConfigurationIsVisible = 0;
			defaultConfigurationName = Release;
		};
/* End XCConfigurationList section */
	};
	rootObject = 2E46A1A9205CDD0800470C6C /* Project object */;
}
