// !$*UTF8*$!
{
	archiveVersion = 1;
	classes = {
	};
	objectVersion = 48;
	objects = {

/* Begin PBXBuildFile section */
		2E56339D208E182B00E0FC44 /* myHeap.c in Sources */ = {isa = PBXBuildFile; fileRef = 2E563396208E182A00E0FC44 /* myHeap.c */; };
		2E56339E208E182B00E0FC44 /* Makefile in Sources */ = {isa = PBXBuildFile; fileRef = 2E563397208E182A00E0FC44 /* Makefile */; };
		2E56339F208E182B00E0FC44 /* test2.c in Sources */ = {isa = PBXBuildFile; fileRef = 2E563399208E182A00E0FC44 /* test2.c */; };
		2E5633A0208E182B00E0FC44 /* test3.c in Sources */ = {isa = PBXBuildFile; fileRef = 2E56339B208E182A00E0FC44 /* test3.c */; };
		2E5633A1208E182B00E0FC44 /* test1.c in Sources */ = {isa = PBXBuildFile; fileRef = 2E56339C208E182A00E0FC44 /* test1.c */; };
		2E5633BC2095F5E100E0FC44 /* test.c in Sources */ = {isa = PBXBuildFile; fileRef = 2E5633BB2095F5E100E0FC44 /* test.c */; };
/* End PBXBuildFile section */

/* Begin PBXCopyFilesBuildPhase section */
		2E56338A208E17AE00E0FC44 /* CopyFiles */ = {
			isa = PBXCopyFilesBuildPhase;
			buildActionMask = 2147483647;
			dstPath = /usr/share/man/man1/;
			dstSubfolderSpec = 0;
			files = (
			);
			runOnlyForDeploymentPostprocessing = 1;
		};
/* End PBXCopyFilesBuildPhase section */

/* Begin PBXFileReference section */
		2E56338C208E17AE00E0FC44 /* MyMalloc */ = {isa = PBXFileReference; explicitFileType = "compiled.mach-o.executable"; includeInIndex = 0; path = MyMalloc; sourceTree = BUILT_PRODUCTS_DIR; };
		2E563396208E182A00E0FC44 /* myHeap.c */ = {isa = PBXFileReference; fileEncoding = 4; lastKnownFileType = sourcecode.c.c; path = myHeap.c; sourceTree = "<group>"; };
		2E563397208E182A00E0FC44 /* Makefile */ = {isa = PBXFileReference; fileEncoding = 4; lastKnownFileType = sourcecode.make; path = Makefile; sourceTree = "<group>"; };
		2E563398208E182A00E0FC44 /* data */ = {isa = PBXFileReference; fileEncoding = 4; lastKnownFileType = text; path = data; sourceTree = "<group>"; };
		2E563399208E182A00E0FC44 /* test2.c */ = {isa = PBXFileReference; fileEncoding = 4; lastKnownFileType = sourcecode.c.c; path = test2.c; sourceTree = "<group>"; };
		2E56339A208E182A00E0FC44 /* myHeap.h */ = {isa = PBXFileReference; fileEncoding = 4; lastKnownFileType = sourcecode.c.h; path = myHeap.h; sourceTree = "<group>"; };
		2E56339B208E182A00E0FC44 /* test3.c */ = {isa = PBXFileReference; fileEncoding = 4; lastKnownFileType = sourcecode.c.c; path = test3.c; sourceTree = "<group>"; };
		2E56339C208E182A00E0FC44 /* test1.c */ = {isa = PBXFileReference; fileEncoding = 4; lastKnownFileType = sourcecode.c.c; path = test1.c; sourceTree = "<group>"; };
		2E5633BB2095F5E100E0FC44 /* test.c */ = {isa = PBXFileReference; lastKnownFileType = sourcecode.c.c; path = test.c; sourceTree = "<group>"; };
/* End PBXFileReference section */

/* Begin PBXFrameworksBuildPhase section */
		2E563389208E17AE00E0FC44 /* Frameworks */ = {
			isa = PBXFrameworksBuildPhase;
			buildActionMask = 2147483647;
			files = (
			);
			runOnlyForDeploymentPostprocessing = 0;
		};
/* End PBXFrameworksBuildPhase section */

/* Begin PBXGroup section */
		2E563383208E17AE00E0FC44 = {
			isa = PBXGroup;
			children = (
				2E56338E208E17AE00E0FC44 /* MyMalloc */,
				2E56338D208E17AE00E0FC44 /* Products */,
			);
			sourceTree = "<group>";
		};
		2E56338D208E17AE00E0FC44 /* Products */ = {
			isa = PBXGroup;
			children = (
				2E56338C208E17AE00E0FC44 /* MyMalloc */,
			);
			name = Products;
			sourceTree = "<group>";
		};
		2E56338E208E17AE00E0FC44 /* MyMalloc */ = {
			isa = PBXGroup;
			children = (
				2E563398208E182A00E0FC44 /* data */,
				2E563397208E182A00E0FC44 /* Makefile */,
				2E563396208E182A00E0FC44 /* myHeap.c */,
				2E56339A208E182A00E0FC44 /* myHeap.h */,
				2E56339C208E182A00E0FC44 /* test1.c */,
				2E563399208E182A00E0FC44 /* test2.c */,
				2E56339B208E182A00E0FC44 /* test3.c */,
				2E5633BB2095F5E100E0FC44 /* test.c */,
			);
			path = MyMalloc;
			sourceTree = "<group>";
		};
/* End PBXGroup section */

/* Begin PBXNativeTarget section */
		2E56338B208E17AE00E0FC44 /* MyMalloc */ = {
			isa = PBXNativeTarget;
			buildConfigurationList = 2E563393208E17AE00E0FC44 /* Build configuration list for PBXNativeTarget "MyMalloc" */;
			buildPhases = (
				2E563388208E17AE00E0FC44 /* Sources */,
				2E563389208E17AE00E0FC44 /* Frameworks */,
				2E56338A208E17AE00E0FC44 /* CopyFiles */,
			);
			buildRules = (
			);
			dependencies = (
			);
			name = MyMalloc;
			productName = MyMalloc;
			productReference = 2E56338C208E17AE00E0FC44 /* MyMalloc */;
			productType = "com.apple.product-type.tool";
		};
/* End PBXNativeTarget section */

/* Begin PBXProject section */
		2E563384208E17AE00E0FC44 /* Project object */ = {
			isa = PBXProject;
			attributes = {
				LastUpgradeCheck = 0920;
				ORGANIZATIONNAME = "Cecilia Ni";
				TargetAttributes = {
					2E56338B208E17AE00E0FC44 = {
						CreatedOnToolsVersion = 9.2;
						ProvisioningStyle = Automatic;
					};
				};
			};
			buildConfigurationList = 2E563387208E17AE00E0FC44 /* Build configuration list for PBXProject "MyMalloc" */;
			compatibilityVersion = "Xcode 8.0";
			developmentRegion = en;
			hasScannedForEncodings = 0;
			knownRegions = (
				en,
			);
			mainGroup = 2E563383208E17AE00E0FC44;
			productRefGroup = 2E56338D208E17AE00E0FC44 /* Products */;
			projectDirPath = "";
			projectRoot = "";
			targets = (
				2E56338B208E17AE00E0FC44 /* MyMalloc */,
			);
		};
/* End PBXProject section */

/* Begin PBXSourcesBuildPhase section */
		2E563388208E17AE00E0FC44 /* Sources */ = {
			isa = PBXSourcesBuildPhase;
			buildActionMask = 2147483647;
			files = (
				2E56339E208E182B00E0FC44 /* Makefile in Sources */,
				2E5633A0208E182B00E0FC44 /* test3.c in Sources */,
				2E5633A1208E182B00E0FC44 /* test1.c in Sources */,
				2E5633BC2095F5E100E0FC44 /* test.c in Sources */,
				2E56339F208E182B00E0FC44 /* test2.c in Sources */,
				2E56339D208E182B00E0FC44 /* myHeap.c in Sources */,
			);
			runOnlyForDeploymentPostprocessing = 0;
		};
/* End PBXSourcesBuildPhase section */

/* Begin XCBuildConfiguration section */
		2E563391208E17AE00E0FC44 /* Debug */ = {
			isa = XCBuildConfiguration;
			buildSettings = {
				ALWAYS_SEARCH_USER_PATHS = NO;
				CLANG_ANALYZER_NONNULL = YES;
				CLANG_ANALYZER_NUMBER_OBJECT_CONVERSION = YES_AGGRESSIVE;
				CLANG_CXX_LANGUAGE_STANDARD = "gnu++14";
				CLANG_CXX_LIBRARY = "libc++";
				CLANG_ENABLE_MODULES = YES;
				CLANG_ENABLE_OBJC_ARC = YES;
				CLANG_WARN_BLOCK_CAPTURE_AUTORELEASING = YES;
				CLANG_WARN_BOOL_CONVERSION = YES;
				CLANG_WARN_COMMA = YES;
				CLANG_WARN_CONSTANT_CONVERSION = YES;
				CLANG_WARN_DIRECT_OBJC_ISA_USAGE = YES_ERROR;
				CLANG_WARN_DOCUMENTATION_COMMENTS = YES;
				CLANG_WARN_EMPTY_BODY = YES;
				CLANG_WARN_ENUM_CONVERSION = YES;
				CLANG_WARN_INFINITE_RECURSION = YES;
				CLANG_WARN_INT_CONVERSION = YES;
				CLANG_WARN_NON_LITERAL_NULL_CONVERSION = YES;
				CLANG_WARN_OBJC_LITERAL_CONVERSION = YES;
				CLANG_WARN_OBJC_ROOT_CLASS = YES_ERROR;
				CLANG_WARN_RANGE_LOOP_ANALYSIS = YES;
				CLANG_WARN_STRICT_PROTOTYPES = YES;
				CLANG_WARN_SUSPICIOUS_MOVE = YES;
				CLANG_WARN_UNGUARDED_AVAILABILITY = YES_AGGRESSIVE;
				CLANG_WARN_UNREACHABLE_CODE = YES;
				CLANG_WARN__DUPLICATE_METHOD_MATCH = YES;
				CODE_SIGN_IDENTITY = "-";
				COPY_PHASE_STRIP = NO;
				DEBUG_INFORMATION_FORMAT = dwarf;
				ENABLE_STRICT_OBJC_MSGSEND = YES;
				ENABLE_TESTABILITY = YES;
				GCC_C_LANGUAGE_STANDARD = gnu11;
				GCC_DYNAMIC_NO_PIC = NO;
				GCC_NO_COMMON_BLOCKS = YES;
				GCC_OPTIMIZATION_LEVEL = 0;
				GCC_PREPROCESSOR_DEFINITIONS = (
					"DEBUG=1",
					"$(inherited)",
				);
				GCC_WARN_64_TO_32_BIT_CONVERSION = YES;
				GCC_WARN_ABOUT_RETURN_TYPE = YES_ERROR;
				GCC_WARN_UNDECLARED_SELECTOR = YES;
				GCC_WARN_UNINITIALIZED_AUTOS = YES_AGGRESSIVE;
				GCC_WARN_UNUSED_FUNCTION = YES;
				GCC_WARN_UNUSED_VARIABLE = YES;
				MACOSX_DEPLOYMENT_TARGET = 10.13;
				MTL_ENABLE_DEBUG_INFO = YES;
				ONLY_ACTIVE_ARCH = YES;
				SDKROOT = macosx;
			};
			name = Debug;
		};
		2E563392208E17AE00E0FC44 /* Release */ = {
			isa = XCBuildConfiguration;
			buildSettings = {
				ALWAYS_SEARCH_USER_PATHS = NO;
				CLANG_ANALYZER_NONNULL = YES;
				CLANG_ANALYZER_NUMBER_OBJECT_CONVERSION = YES_AGGRESSIVE;
				CLANG_CXX_LANGUAGE_STANDARD = "gnu++14";
				CLANG_CXX_LIBRARY = "libc++";
				CLANG_ENABLE_MODULES = YES;
				CLANG_ENABLE_OBJC_ARC = YES;
				CLANG_WARN_BLOCK_CAPTURE_AUTORELEASING = YES;
				CLANG_WARN_BOOL_CONVERSION = YES;
				CLANG_WARN_COMMA = YES;
				CLANG_WARN_CONSTANT_CONVERSION = YES;
				CLANG_WARN_DIRECT_OBJC_ISA_USAGE = YES_ERROR;
				CLANG_WARN_DOCUMENTATION_COMMENTS = YES;
				CLANG_WARN_EMPTY_BODY = YES;
				CLANG_WARN_ENUM_CONVERSION = YES;
				CLANG_WARN_INFINITE_RECURSION = YES;
				CLANG_WARN_INT_CONVERSION = YES;
				CLANG_WARN_NON_LITERAL_NULL_CONVERSION = YES;
				CLANG_WARN_OBJC_LITERAL_CONVERSION = YES;
				CLANG_WARN_OBJC_ROOT_CLASS = YES_ERROR;
				CLANG_WARN_RANGE_LOOP_ANALYSIS = YES;
				CLANG_WARN_STRICT_PROTOTYPES = YES;
				CLANG_WARN_SUSPICIOUS_MOVE = YES;
				CLANG_WARN_UNGUARDED_AVAILABILITY = YES_AGGRESSIVE;
				CLANG_WARN_UNREACHABLE_CODE = YES;
				CLANG_WARN__DUPLICATE_METHOD_MATCH = YES;
				CODE_SIGN_IDENTITY = "-";
				COPY_PHASE_STRIP = NO;
				DEBUG_INFORMATION_FORMAT = "dwarf-with-dsym";
				ENABLE_NS_ASSERTIONS = NO;
				ENABLE_STRICT_OBJC_MSGSEND = YES;
				GCC_C_LANGUAGE_STANDARD = gnu11;
				GCC_NO_COMMON_BLOCKS = YES;
				GCC_WARN_64_TO_32_BIT_CONVERSION = YES;
				GCC_WARN_ABOUT_RETURN_TYPE = YES_ERROR;
				GCC_WARN_UNDECLARED_SELECTOR = YES;
				GCC_WARN_UNINITIALIZED_AUTOS = YES_AGGRESSIVE;
				GCC_WARN_UNUSED_FUNCTION = YES;
				GCC_WARN_UNUSED_VARIABLE = YES;
				MACOSX_DEPLOYMENT_TARGET = 10.13;
				MTL_ENABLE_DEBUG_INFO = NO;
				SDKROOT = macosx;
			};
			name = Release;
		};
		2E563394208E17AE00E0FC44 /* Debug */ = {
			isa = XCBuildConfiguration;
			buildSettings = {
				CODE_SIGN_STYLE = Automatic;
				PRODUCT_NAME = "$(TARGET_NAME)";
			};
			name = Debug;
		};
		2E563395208E17AE00E0FC44 /* Release */ = {
			isa = XCBuildConfiguration;
			buildSettings = {
				CODE_SIGN_STYLE = Automatic;
				PRODUCT_NAME = "$(TARGET_NAME)";
			};
			name = Release;
		};
/* End XCBuildConfiguration section */

/* Begin XCConfigurationList section */
		2E563387208E17AE00E0FC44 /* Build configuration list for PBXProject "MyMalloc" */ = {
			isa = XCConfigurationList;
			buildConfigurations = (
				2E563391208E17AE00E0FC44 /* Debug */,
				2E563392208E17AE00E0FC44 /* Release */,
			);
			defaultConfigurationIsVisible = 0;
			defaultConfigurationName = Release;
		};
		2E563393208E17AE00E0FC44 /* Build configuration list for PBXNativeTarget "MyMalloc" */ = {
			isa = XCConfigurationList;
			buildConfigurations = (
				2E563394208E17AE00E0FC44 /* Debug */,
				2E563395208E17AE00E0FC44 /* Release */,
			);
			defaultConfigurationIsVisible = 0;
			defaultConfigurationName = Release;
		};
/* End XCConfigurationList section */
	};
	rootObject = 2E563384208E17AE00E0FC44 /* Project object */;
}
